
Microsoft Visual Studio Solution File, Format Version 12.00
# Visual Studio 15
VisualStudioVersion = 15.0.28307.1778
MinimumVisualStudioVersion = 10.0.40219.1
Project("{FAE04EC0-301F-11D3-BF4B-00C04F79EFBC}") = "fileuploading", "fileuploading\fileuploading.csproj", "{F27D5B0E-FF5C-4FA8-868C-AFF75575540E}"
EndProject
Global
	GlobalSection(SolutionConfigurationPlatforms) = preSolution
		Debug|Any CPU = Debug|Any CPU
		Release|Any CPU = Release|Any CPU
	EndGlobalSection
	GlobalSection(ProjectConfigurationPlatforms) = postSolution
		{F27D5B0E-FF5C-4FA8-868C-AFF75575540E}.Debug|Any CPU.ActiveCfg = Debug|Any CPU
		{F27D5B0E-FF5C-4FA8-868C-AFF75575540E}.Debug|Any CPU.Build.0 = Debug|Any CPU
		{F27D5B0E-FF5C-4FA8-868C-AFF75575540E}.Release|Any CPU.ActiveCfg = Release|Any CPU
		{F27D5B0E-FF5C-4FA8-868C-AFF75575540E}.Release|Any CPU.Build.0 = Release|Any CPU
	EndGlobalSection
	GlobalSection(SolutionProperties) = preSolution
		HideSolutionNode = FALSE
	EndGlobalSection
	GlobalSection(ExtensibilityGlobals) = postSolution
		SolutionGuid = {83C7AE15-FB54-4478-94AD-9C408E70957A}
	EndGlobalSection
EndGlobal
