
Microsoft Visual Studio Solution File, Format Version 12.00
# Visual Studio 15
VisualStudioVersion = 15.0.28307.1778
MinimumVisualStudioVersion = 10.0.40219.1
Project("{FAE04EC0-301F-11D3-BF4B-00C04F79EFBC}") = "lec13 helper", "lec13 helper\lec13 helper.csproj", "{A2482BC5-641C-4598-AFBF-22F5F382E05C}"
EndProject
Global
	GlobalSection(SolutionConfigurationPlatforms) = preSolution
		Debug|Any CPU = Debug|Any CPU
		Release|Any CPU = Release|Any CPU
	EndGlobalSection
	GlobalSection(ProjectConfigurationPlatforms) = postSolution
		{A2482BC5-641C-4598-AFBF-22F5F382E05C}.Debug|Any CPU.ActiveCfg = Debug|Any CPU
		{A2482BC5-641C-4598-AFBF-22F5F382E05C}.Debug|Any CPU.Build.0 = Debug|Any CPU
		{A2482BC5-641C-4598-AFBF-22F5F382E05C}.Release|Any CPU.ActiveCfg = Release|Any CPU
		{A2482BC5-641C-4598-AFBF-22F5F382E05C}.Release|Any CPU.Build.0 = Release|Any CPU
	EndGlobalSection
	GlobalSection(SolutionProperties) = preSolution
		HideSolutionNode = FALSE
	EndGlobalSection
	GlobalSection(ExtensibilityGlobals) = postSolution
		SolutionGuid = {2E1F6D0E-9FB7-48AC-94F6-EFF035CFDB6A}
	EndGlobalSection
EndGlobal
