
Microsoft Visual Studio Solution File, Format Version 12.00
# Visual Studio 15
VisualStudioVersion = 15.0.28307.1778
MinimumVisualStudioVersion = 10.0.40219.1
Project("{FAE04EC0-301F-11D3-BF4B-00C04F79EFBC}") = "SearchbyAjax", "SearchbyAjax\SearchbyAjax.csproj", "{51AD3B2B-D97F-49E2-9EAE-B484FC9BC037}"
EndProject
Global
	GlobalSection(SolutionConfigurationPlatforms) = preSolution
		Debug|Any CPU = Debug|Any CPU
		Release|Any CPU = Release|Any CPU
	EndGlobalSection
	GlobalSection(ProjectConfigurationPlatforms) = postSolution
		{51AD3B2B-D97F-49E2-9EAE-B484FC9BC037}.Debug|Any CPU.ActiveCfg = Debug|Any CPU
		{51AD3B2B-D97F-49E2-9EAE-B484FC9BC037}.Debug|Any CPU.Build.0 = Debug|Any CPU
		{51AD3B2B-D97F-49E2-9EAE-B484FC9BC037}.Release|Any CPU.ActiveCfg = Release|Any CPU
		{51AD3B2B-D97F-49E2-9EAE-B484FC9BC037}.Release|Any CPU.Build.0 = Release|Any CPU
	EndGlobalSection
	GlobalSection(SolutionProperties) = preSolution
		HideSolutionNode = FALSE
	EndGlobalSection
	GlobalSection(ExtensibilityGlobals) = postSolution
		SolutionGuid = {283B5B35-25B8-4577-A92C-CA5A0F6137E9}
	EndGlobalSection
EndGlobal
